
Microsoft Visual Studio Solution File, Format Version 12.00
# Visual Studio Version 17
VisualStudioVersion = 17.12.35707.178 d17.12
MinimumVisualStudioVersion = 10.0.40219.1
Project("{FAE04EC0-301F-11D3-BF4B-00C04F79EFBC}") = "ProceduralGeneration", "ProceduralGeneration.csproj", "{BEC20B65-31C0-4021-9FD7-E006B3D16336}"
EndProject
Global
	GlobalSection(SolutionConfigurationPlatforms) = preSolution
		Debug|Any CPU = Debug|Any CPU
		ExportDebug|Any CPU = ExportDebug|Any CPU
		ExportRelease|Any CPU = ExportRelease|Any CPU
	EndGlobalSection
	GlobalSection(ProjectConfigurationPlatforms) = postSolution
		{BEC20B65-31C0-4021-9FD7-E006B3D16336}.Debug|Any CPU.ActiveCfg = Debug|Any CPU
		{BEC20B65-31C0-4021-9FD7-E006B3D16336}.Debug|Any CPU.Build.0 = Debug|Any CPU
		{BEC20B65-31C0-4021-9FD7-E006B3D16336}.ExportDebug|Any CPU.ActiveCfg = ExportDebug|Any CPU
		{BEC20B65-31C0-4021-9FD7-E006B3D16336}.ExportDebug|Any CPU.Build.0 = ExportDebug|Any CPU
		{BEC20B65-31C0-4021-9FD7-E006B3D16336}.ExportRelease|Any CPU.ActiveCfg = ExportRelease|Any CPU
		{BEC20B65-31C0-4021-9FD7-E006B3D16336}.ExportRelease|Any CPU.Build.0 = ExportRelease|Any CPU
	EndGlobalSection
	GlobalSection(SolutionProperties) = preSolution
		HideSolutionNode = FALSE
	EndGlobalSection
EndGlobal
